// !$*UTF8*$!
{
	archiveVersion = 1;
	classes = {
	};
	objectVersion = 46;
	objects = {

/* Begin PBXBuildFile section */
		3C4184201DD884BA00FEF07B /* ChatRoom.swift in Sources */ = {isa = PBXBuildFile; fileRef = 3C41841F1DD884BA00FEF07B /* ChatRoom.swift */; };
		3C4184221DD8851800FEF07B /* ChatMessage.swift in Sources */ = {isa = PBXBuildFile; fileRef = 3C4184211DD8851800FEF07B /* ChatMessage.swift */; };
		3C4184241DD8C39A00FEF07B /* Result.swift in Sources */ = {isa = PBXBuildFile; fileRef = 3C4184231DD8C39A00FEF07B /* Result.swift */; };
		3C4BE9401DDDEAC000ABD8AE /* ChatRoomService.swift in Sources */ = {isa = PBXBuildFile; fileRef = 3C4BE93F1DDDEAC000ABD8AE /* ChatRoomService.swift */; };
		3C74581D1DD8731B00CEECE5 /* ChatUser.swift in Sources */ = {isa = PBXBuildFile; fileRef = 3C74581C1DD8731B00CEECE5 /* ChatUser.swift */; };
		3C74581F1DD87E9E00CEECE5 /* LoginService.swift in Sources */ = {isa = PBXBuildFile; fileRef = 3C74581E1DD87E9E00CEECE5 /* LoginService.swift */; };
		3CD7583A1D7492BA005DCB28 /* AppDelegate.swift in Sources */ = {isa = PBXBuildFile; fileRef = 3CD758391D7492BA005DCB28 /* AppDelegate.swift */; };
		3CD7583C1D7492BA005DCB28 /* LoginViewController.swift in Sources */ = {isa = PBXBuildFile; fileRef = 3CD7583B1D7492BA005DCB28 /* LoginViewController.swift */; };
		3CD7583F1D7492BA005DCB28 /* Main.storyboard in Resources */ = {isa = PBXBuildFile; fileRef = 3CD7583D1D7492BA005DCB28 /* Main.storyboard */; };
		3CD758411D7492BA005DCB28 /* Assets.xcassets in Resources */ = {isa = PBXBuildFile; fileRef = 3CD758401D7492BA005DCB28 /* Assets.xcassets */; };
		3CD758441D7492BA005DCB28 /* LaunchScreen.storyboard in Resources */ = {isa = PBXBuildFile; fileRef = 3CD758421D7492BA005DCB28 /* LaunchScreen.storyboard */; };
		3CEE8C6C1D8499D500767DA2 /* ChatRoomViewController.swift in Sources */ = {isa = PBXBuildFile; fileRef = 3CEE8C6B1D8499D500767DA2 /* ChatRoomViewController.swift */; };
		D4ED24D521218C74FF46A835 /* Pods_Chat.framework in Frameworks */ = {isa = PBXBuildFile; fileRef = 86CC7AFCB9E4D595DDFDDF4A /* Pods_Chat.framework */; };
/* End PBXBuildFile section */

/* Begin PBXFileReference section */
		3C41841F1DD884BA00FEF07B /* ChatRoom.swift */ = {isa = PBXFileReference; fileEncoding = 4; lastKnownFileType = sourcecode.swift; path = ChatRoom.swift; sourceTree = "<group>"; };
		3C4184211DD8851800FEF07B /* ChatMessage.swift */ = {isa = PBXFileReference; fileEncoding = 4; lastKnownFileType = sourcecode.swift; path = ChatMessage.swift; sourceTree = "<group>"; };
		3C4184231DD8C39A00FEF07B /* Result.swift */ = {isa = PBXFileReference; fileEncoding = 4; lastKnownFileType = sourcecode.swift; path = Result.swift; sourceTree = "<group>"; };
		3C4BE93F1DDDEAC000ABD8AE /* ChatRoomService.swift */ = {isa = PBXFileReference; fileEncoding = 4; lastKnownFileType = sourcecode.swift; path = ChatRoomService.swift; sourceTree = "<group>"; };
		3C74581C1DD8731B00CEECE5 /* ChatUser.swift */ = {isa = PBXFileReference; fileEncoding = 4; lastKnownFileType = sourcecode.swift; path = ChatUser.swift; sourceTree = "<group>"; };
		3C74581E1DD87E9E00CEECE5 /* LoginService.swift */ = {isa = PBXFileReference; fileEncoding = 4; lastKnownFileType = sourcecode.swift; path = LoginService.swift; sourceTree = "<group>"; };
		3CD758361D7492BA005DCB28 /* Chat.app */ = {isa = PBXFileReference; explicitFileType = wrapper.application; includeInIndex = 0; path = Chat.app; sourceTree = BUILT_PRODUCTS_DIR; };
		3CD758391D7492BA005DCB28 /* AppDelegate.swift */ = {isa = PBXFileReference; lastKnownFileType = sourcecode.swift; path = AppDelegate.swift; sourceTree = "<group>"; };
		3CD7583B1D7492BA005DCB28 /* LoginViewController.swift */ = {isa = PBXFileReference; lastKnownFileType = sourcecode.swift; path = LoginViewController.swift; sourceTree = "<group>"; };
		3CD7583E1D7492BA005DCB28 /* Base */ = {isa = PBXFileReference; lastKnownFileType = file.storyboard; name = Base; path = Base.lproj/Main.storyboard; sourceTree = "<group>"; };
		3CD758401D7492BA005DCB28 /* Assets.xcassets */ = {isa = PBXFileReference; lastKnownFileType = folder.assetcatalog; path = Assets.xcassets; sourceTree = "<group>"; };
		3CD758431D7492BA005DCB28 /* Base */ = {isa = PBXFileReference; lastKnownFileType = file.storyboard; name = Base; path = Base.lproj/LaunchScreen.storyboard; sourceTree = "<group>"; };
		3CD758451D7492BA005DCB28 /* Info.plist */ = {isa = PBXFileReference; lastKnownFileType = text.plist.xml; path = Info.plist; sourceTree = "<group>"; };
		3CEE8C6A1D84976300767DA2 /* Chat.entitlements */ = {isa = PBXFileReference; lastKnownFileType = text.plist.entitlements; path = Chat.entitlements; sourceTree = "<group>"; };
		3CEE8C6B1D8499D500767DA2 /* ChatRoomViewController.swift */ = {isa = PBXFileReference; fileEncoding = 4; lastKnownFileType = sourcecode.swift; path = ChatRoomViewController.swift; sourceTree = "<group>"; };
		660B793B7FE58A089049DD1E /* Pods-Chat.release.xcconfig */ = {isa = PBXFileReference; includeInIndex = 1; lastKnownFileType = text.xcconfig; name = "Pods-Chat.release.xcconfig"; path = "Pods/Target Support Files/Pods-Chat/Pods-Chat.release.xcconfig"; sourceTree = "<group>"; };
		86CC7AFCB9E4D595DDFDDF4A /* Pods_Chat.framework */ = {isa = PBXFileReference; explicitFileType = wrapper.framework; includeInIndex = 0; path = Pods_Chat.framework; sourceTree = BUILT_PRODUCTS_DIR; };
		FA8EEA6460EBC89F6B736ED6 /* Pods-Chat.debug.xcconfig */ = {isa = PBXFileReference; includeInIndex = 1; lastKnownFileType = text.xcconfig; name = "Pods-Chat.debug.xcconfig"; path = "Pods/Target Support Files/Pods-Chat/Pods-Chat.debug.xcconfig"; sourceTree = "<group>"; };
/* End PBXFileReference section */

/* Begin PBXFrameworksBuildPhase section */
		3CD758331D7492BA005DCB28 /* Frameworks */ = {
			isa = PBXFrameworksBuildPhase;
			buildActionMask = 2147483647;
			files = (
				D4ED24D521218C74FF46A835 /* Pods_Chat.framework in Frameworks */,
			);
			runOnlyForDeploymentPostprocessing = 0;
		};
/* End PBXFrameworksBuildPhase section */

/* Begin PBXGroup section */
		3CD7582D1D7492BA005DCB28 = {
			isa = PBXGroup;
			children = (
				3CD758381D7492BA005DCB28 /* Chat */,
				3CD758371D7492BA005DCB28 /* Products */,
				D86D6383F54CB1D72FDBEC29 /* Pods */,
				E3B9A7B7C72948C91207EEF7 /* Frameworks */,
			);
			sourceTree = "<group>";
		};
		3CD758371D7492BA005DCB28 /* Products */ = {
			isa = PBXGroup;
			children = (
				3CD758361D7492BA005DCB28 /* Chat.app */,
			);
			name = Products;
			sourceTree = "<group>";
		};
		3CD758381D7492BA005DCB28 /* Chat */ = {
			isa = PBXGroup;
			children = (
				3CEE8C6A1D84976300767DA2 /* Chat.entitlements */,
				3CD758391D7492BA005DCB28 /* AppDelegate.swift */,
				3CD7583B1D7492BA005DCB28 /* LoginViewController.swift */,
				3C74581E1DD87E9E00CEECE5 /* LoginService.swift */,
				3C74581C1DD8731B00CEECE5 /* ChatUser.swift */,
				3C41841F1DD884BA00FEF07B /* ChatRoom.swift */,
				3C4184211DD8851800FEF07B /* ChatMessage.swift */,
				3CEE8C6B1D8499D500767DA2 /* ChatRoomViewController.swift */,
				3C4BE93F1DDDEAC000ABD8AE /* ChatRoomService.swift */,
				3C4184231DD8C39A00FEF07B /* Result.swift */,
				3CD7583D1D7492BA005DCB28 /* Main.storyboard */,
				3CD758401D7492BA005DCB28 /* Assets.xcassets */,
				3CD758421D7492BA005DCB28 /* LaunchScreen.storyboard */,
				3CD758451D7492BA005DCB28 /* Info.plist */,
			);
			path = Chat;
			sourceTree = "<group>";
		};
		D86D6383F54CB1D72FDBEC29 /* Pods */ = {
			isa = PBXGroup;
			children = (
				FA8EEA6460EBC89F6B736ED6 /* Pods-Chat.debug.xcconfig */,
				660B793B7FE58A089049DD1E /* Pods-Chat.release.xcconfig */,
			);
			name = Pods;
			sourceTree = "<group>";
		};
		E3B9A7B7C72948C91207EEF7 /* Frameworks */ = {
			isa = PBXGroup;
			children = (
				86CC7AFCB9E4D595DDFDDF4A /* Pods_Chat.framework */,
			);
			name = Frameworks;
			sourceTree = "<group>";
		};
/* End PBXGroup section */

/* Begin PBXNativeTarget section */
		3CD758351D7492BA005DCB28 /* Chat */ = {
			isa = PBXNativeTarget;
			buildConfigurationList = 3CD758481D7492BA005DCB28 /* Build configuration list for PBXNativeTarget "Chat" */;
			buildPhases = (
				D0E27F7C69F333F25DB67BA1 /* [CP] Check Pods Manifest.lock */,
				3CD758321D7492BA005DCB28 /* Sources */,
				3CD758331D7492BA005DCB28 /* Frameworks */,
				3CD758341D7492BA005DCB28 /* Resources */,
				CF27066FFE6B93AA16FD737A /* [CP] Embed Pods Frameworks */,
				554B65435E7A9A06575DBAA0 /* [CP] Copy Pods Resources */,
			);
			buildRules = (
			);
			dependencies = (
			);
			name = Chat;
			productName = Chat;
			productReference = 3CD758361D7492BA005DCB28 /* Chat.app */;
			productType = "com.apple.product-type.application";
		};
/* End PBXNativeTarget section */

/* Begin PBXProject section */
		3CD7582E1D7492BA005DCB28 /* Project object */ = {
			isa = PBXProject;
			attributes = {
				LastSwiftUpdateCheck = 0730;
				LastUpgradeCheck = 0810;
				ORGANIZATIONNAME = "Hanawa Takuro";
				TargetAttributes = {
					3CD758351D7492BA005DCB28 = {
						CreatedOnToolsVersion = 7.3.1;
						DevelopmentTeam = T95UR28PV2;
						LastSwiftMigration = 0800;
						ProvisioningStyle = Manual;
						SystemCapabilities = {
							com.apple.BackgroundModes = {
								enabled = 1;
							};
							com.apple.Keychain = {
								enabled = 0;
							};
							com.apple.Push = {
								enabled = 1;
							};
						};
					};
				};
			};
			buildConfigurationList = 3CD758311D7492BA005DCB28 /* Build configuration list for PBXProject "Chat" */;
			compatibilityVersion = "Xcode 3.2";
			developmentRegion = English;
			hasScannedForEncodings = 0;
			knownRegions = (
				en,
				Base,
			);
			mainGroup = 3CD7582D1D7492BA005DCB28;
			productRefGroup = 3CD758371D7492BA005DCB28 /* Products */;
			projectDirPath = "";
			projectRoot = "";
			targets = (
				3CD758351D7492BA005DCB28 /* Chat */,
			);
		};
/* End PBXProject section */

/* Begin PBXResourcesBuildPhase section */
		3CD758341D7492BA005DCB28 /* Resources */ = {
			isa = PBXResourcesBuildPhase;
			buildActionMask = 2147483647;
			files = (
				3CD758441D7492BA005DCB28 /* LaunchScreen.storyboard in Resources */,
				3CD758411D7492BA005DCB28 /* Assets.xcassets in Resources */,
				3CD7583F1D7492BA005DCB28 /* Main.storyboard in Resources */,
			);
			runOnlyForDeploymentPostprocessing = 0;
		};
/* End PBXResourcesBuildPhase section */

/* Begin PBXShellScriptBuildPhase section */
		554B65435E7A9A06575DBAA0 /* [CP] Copy Pods Resources */ = {
			isa = PBXShellScriptBuildPhase;
			buildActionMask = 2147483647;
			files = (
			);
			inputPaths = (
			);
			name = "[CP] Copy Pods Resources";
			outputPaths = (
			);
			runOnlyForDeploymentPostprocessing = 0;
			shellPath = /bin/sh;
			shellScript = "\"${SRCROOT}/Pods/Target Support Files/Pods-Chat/Pods-Chat-resources.sh\"\n";
			showEnvVarsInLog = 0;
		};
		CF27066FFE6B93AA16FD737A /* [CP] Embed Pods Frameworks */ = {
			isa = PBXShellScriptBuildPhase;
			buildActionMask = 2147483647;
			files = (
			);
			inputPaths = (
			);
			name = "[CP] Embed Pods Frameworks";
			outputPaths = (
			);
			runOnlyForDeploymentPostprocessing = 0;
			shellPath = /bin/sh;
			shellScript = "\"${SRCROOT}/Pods/Target Support Files/Pods-Chat/Pods-Chat-frameworks.sh\"\n";
			showEnvVarsInLog = 0;
		};
		D0E27F7C69F333F25DB67BA1 /* [CP] Check Pods Manifest.lock */ = {
			isa = PBXShellScriptBuildPhase;
			buildActionMask = 2147483647;
			files = (
			);
			inputPaths = (
			);
			name = "[CP] Check Pods Manifest.lock";
			outputPaths = (
			);
			runOnlyForDeploymentPostprocessing = 0;
			shellPath = /bin/sh;
			shellScript = "diff \"${PODS_ROOT}/../Podfile.lock\" \"${PODS_ROOT}/Manifest.lock\" > /dev/null\nif [ $? != 0 ] ; then\n    # print error to STDERR\n    echo \"error: The sandbox is not in sync with the Podfile.lock. Run 'pod install' or update your CocoaPods installation.\" >&2\n    exit 1\nfi\n";
			showEnvVarsInLog = 0;
		};
/* End PBXShellScriptBuildPhase section */

/* Begin PBXSourcesBuildPhase section */
		3CD758321D7492BA005DCB28 /* Sources */ = {
			isa = PBXSourcesBuildPhase;
			buildActionMask = 2147483647;
			files = (
				3C4184221DD8851800FEF07B /* ChatMessage.swift in Sources */,
				3C4184201DD884BA00FEF07B /* ChatRoom.swift in Sources */,
				3C74581D1DD8731B00CEECE5 /* ChatUser.swift in Sources */,
				3C4BE9401DDDEAC000ABD8AE /* ChatRoomService.swift in Sources */,
				3CD7583C1D7492BA005DCB28 /* LoginViewController.swift in Sources */,
				3C74581F1DD87E9E00CEECE5 /* LoginService.swift in Sources */,
				3CD7583A1D7492BA005DCB28 /* AppDelegate.swift in Sources */,
				3C4184241DD8C39A00FEF07B /* Result.swift in Sources */,
				3CEE8C6C1D8499D500767DA2 /* ChatRoomViewController.swift in Sources */,
			);
			runOnlyForDeploymentPostprocessing = 0;
		};
/* End PBXSourcesBuildPhase section */

/* Begin PBXVariantGroup section */
		3CD7583D1D7492BA005DCB28 /* Main.storyboard */ = {
			isa = PBXVariantGroup;
			children = (
				3CD7583E1D7492BA005DCB28 /* Base */,
			);
			name = Main.storyboard;
			sourceTree = "<group>";
		};
		3CD758421D7492BA005DCB28 /* LaunchScreen.storyboard */ = {
			isa = PBXVariantGroup;
			children = (
				3CD758431D7492BA005DCB28 /* Base */,
			);
			name = LaunchScreen.storyboard;
			sourceTree = "<group>";
		};
/* End PBXVariantGroup section */

/* Begin XCBuildConfiguration section */
		3CD758461D7492BA005DCB28 /* Debug */ = {
			isa = XCBuildConfiguration;
			buildSettings = {
				ALWAYS_SEARCH_USER_PATHS = NO;
				CLANG_ANALYZER_NONNULL = YES;
				CLANG_CXX_LANGUAGE_STANDARD = "gnu++0x";
				CLANG_CXX_LIBRARY = "libc++";
				CLANG_ENABLE_MODULES = YES;
				CLANG_ENABLE_OBJC_ARC = YES;
				CLANG_WARN_BOOL_CONVERSION = YES;
				CLANG_WARN_CONSTANT_CONVERSION = YES;
				CLANG_WARN_DIRECT_OBJC_ISA_USAGE = YES_ERROR;
				CLANG_WARN_EMPTY_BODY = YES;
				CLANG_WARN_ENUM_CONVERSION = YES;
				CLANG_WARN_INFINITE_RECURSION = YES;
				CLANG_WARN_INT_CONVERSION = YES;
				CLANG_WARN_OBJC_ROOT_CLASS = YES_ERROR;
				CLANG_WARN_SUSPICIOUS_MOVE = YES;
				CLANG_WARN_UNREACHABLE_CODE = YES;
				CLANG_WARN__DUPLICATE_METHOD_MATCH = YES;
				CODE_SIGN_IDENTITY = "iPhone Developer";
				"CODE_SIGN_IDENTITY[sdk=iphoneos*]" = "iPhone Developer";
				COPY_PHASE_STRIP = NO;
				DEBUG_INFORMATION_FORMAT = dwarf;
				ENABLE_STRICT_OBJC_MSGSEND = YES;
				ENABLE_TESTABILITY = YES;
				GCC_C_LANGUAGE_STANDARD = gnu99;
				GCC_DYNAMIC_NO_PIC = NO;
				GCC_NO_COMMON_BLOCKS = YES;
				GCC_OPTIMIZATION_LEVEL = 0;
				GCC_PREPROCESSOR_DEFINITIONS = (
					"DEBUG=1",
					"$(inherited)",
				);
				GCC_WARN_64_TO_32_BIT_CONVERSION = YES;
				GCC_WARN_ABOUT_RETURN_TYPE = YES_ERROR;
				GCC_WARN_UNDECLARED_SELECTOR = YES;
				GCC_WARN_UNINITIALIZED_AUTOS = YES_AGGRESSIVE;
				GCC_WARN_UNUSED_FUNCTION = YES;
				GCC_WARN_UNUSED_VARIABLE = YES;
				IPHONEOS_DEPLOYMENT_TARGET = 9.3;
				MTL_ENABLE_DEBUG_INFO = YES;
				ONLY_ACTIVE_ARCH = YES;
				SDKROOT = iphoneos;
				SWIFT_OPTIMIZATION_LEVEL = "-Onone";
			};
			name = Debug;
		};
		3CD758471D7492BA005DCB28 /* Release */ = {
			isa = XCBuildConfiguration;
			buildSettings = {
				ALWAYS_SEARCH_USER_PATHS = NO;
				CLANG_ANALYZER_NONNULL = YES;
				CLANG_CXX_LANGUAGE_STANDARD = "gnu++0x";
				CLANG_CXX_LIBRARY = "libc++";
				CLANG_ENABLE_MODULES = YES;
				CLANG_ENABLE_OBJC_ARC = YES;
				CLANG_WARN_BOOL_CONVERSION = YES;
				CLANG_WARN_CONSTANT_CONVERSION = YES;
				CLANG_WARN_DIRECT_OBJC_ISA_USAGE = YES_ERROR;
				CLANG_WARN_EMPTY_BODY = YES;
				CLANG_WARN_ENUM_CONVERSION = YES;
				CLANG_WARN_INFINITE_RECURSION = YES;
				CLANG_WARN_INT_CONVERSION = YES;
				CLANG_WARN_OBJC_ROOT_CLASS = YES_ERROR;
				CLANG_WARN_SUSPICIOUS_MOVE = YES;
				CLANG_WARN_UNREACHABLE_CODE = YES;
				CLANG_WARN__DUPLICATE_METHOD_MATCH = YES;
				CODE_SIGN_IDENTITY = "iPhone Developer";
				"CODE_SIGN_IDENTITY[sdk=iphoneos*]" = "iPhone Developer";
				COPY_PHASE_STRIP = NO;
				DEBUG_INFORMATION_FORMAT = "dwarf-with-dsym";
				ENABLE_NS_ASSERTIONS = NO;
				ENABLE_STRICT_OBJC_MSGSEND = YES;
				GCC_C_LANGUAGE_STANDARD = gnu99;
				GCC_NO_COMMON_BLOCKS = YES;
				GCC_WARN_64_TO_32_BIT_CONVERSION = YES;
				GCC_WARN_ABOUT_RETURN_TYPE = YES_ERROR;
				GCC_WARN_UNDECLARED_SELECTOR = YES;
				GCC_WARN_UNINITIALIZED_AUTOS = YES_AGGRESSIVE;
				GCC_WARN_UNUSED_FUNCTION = YES;
				GCC_WARN_UNUSED_VARIABLE = YES;
				IPHONEOS_DEPLOYMENT_TARGET = 9.3;
				MTL_ENABLE_DEBUG_INFO = NO;
				SDKROOT = iphoneos;
				SWIFT_OPTIMIZATION_LEVEL = "-Owholemodule";
				VALIDATE_PRODUCT = YES;
			};
			name = Release;
		};
		3CD758491D7492BA005DCB28 /* Debug */ = {
			isa = XCBuildConfiguration;
			baseConfigurationReference = FA8EEA6460EBC89F6B736ED6 /* Pods-Chat.debug.xcconfig */;
			buildSettings = {
				ASSETCATALOG_COMPILER_APPICON_NAME = AppIcon;
				CODE_SIGN_ENTITLEMENTS = Chat/Chat.entitlements;
				CODE_SIGN_IDENTITY = "";
				"CODE_SIGN_IDENTITY[sdk=iphoneos*]" = "iPhone Developer";
				DEVELOPMENT_TEAM = T95UR28PV2;
				INFOPLIST_FILE = Chat/Info.plist;
				IPHONEOS_DEPLOYMENT_TARGET = 10.0;
				LD_RUNPATH_SEARCH_PATHS = "$(inherited) @executable_path/Frameworks";
				PRODUCT_BUNDLE_IDENTIFIER = jp.hanawa.chat;
				PRODUCT_NAME = "$(TARGET_NAME)";
				PROVISIONING_PROFILE = "618588fd-f3be-4c08-b9d9-f7db73e5ba51";
				PROVISIONING_PROFILE_SPECIFIER = "Chat Provisioning Profile";
				SWIFT_VERSION = 3.0;
			};
			name = Debug;
		};
		3CD7584A1D7492BA005DCB28 /* Release */ = {
			isa = XCBuildConfiguration;
			baseConfigurationReference = 660B793B7FE58A089049DD1E /* Pods-Chat.release.xcconfig */;
			buildSettings = {
				ASSETCATALOG_COMPILER_APPICON_NAME = AppIcon;
				CODE_SIGN_ENTITLEMENTS = Chat/Chat.entitlements;
				CODE_SIGN_IDENTITY = "";
				"CODE_SIGN_IDENTITY[sdk=iphoneos*]" = "iPhone Developer";
				DEVELOPMENT_TEAM = "";
				INFOPLIST_FILE = Chat/Info.plist;
				IPHONEOS_DEPLOYMENT_TARGET = 10.0;
				LD_RUNPATH_SEARCH_PATHS = "$(inherited) @executable_path/Frameworks";
				PRODUCT_BUNDLE_IDENTIFIER = jp.hanawa.chat;
				PRODUCT_NAME = "$(TARGET_NAME)";
				SWIFT_VERSION = 3.0;
			};
			name = Release;
		};
/* End XCBuildConfiguration section */

/* Begin XCConfigurationList section */
		3CD758311D7492BA005DCB28 /* Build configuration list for PBXProject "Chat" */ = {
			isa = XCConfigurationList;
			buildConfigurations = (
				3CD758461D7492BA005DCB28 /* Debug */,
				3CD758471D7492BA005DCB28 /* Release */,
			);
			defaultConfigurationIsVisible = 0;
			defaultConfigurationName = Release;
		};
		3CD758481D7492BA005DCB28 /* Build configuration list for PBXNativeTarget "Chat" */ = {
			isa = XCConfigurationList;
			buildConfigurations = (
				3CD758491D7492BA005DCB28 /* Debug */,
				3CD7584A1D7492BA005DCB28 /* Release */,
			);
			defaultConfigurationIsVisible = 0;
			defaultConfigurationName = Release;
		};
/* End XCConfigurationList section */
	};
	rootObject = 3CD7582E1D7492BA005DCB28 /* Project object */;
}
